---
lockfileVersion: '9.0'

importers:

  .:
    configDependencies: {}
    packageManagerDependencies:
      '@pnpm/exe':
        specifier: ^11.22.0
        version: 11.22.0
      pnpm:
        specifier: ^11.22.0
        version: 11.22.0

packages:

  '@pnpm/exe@11.22.0':
    resolution: {integrity: sha512-B1SGeKm+v9pX9YkzMmrnO2FbgBd8TDwzZ3jSj6J6ThxdyGvI4TsOfMeHARW4Wb25visPpmMDfIXrU76EZdJM4g==}
    hasBin: true

  '@pnpm/linux-arm64@11.22.0':
    resolution: {integrity: sha512-xzzn3jYG9QaiFZPaHcWM3yX4Fm9UGz5E42mzpbvUEvXYf5O9fwNolenOhGLpRl2qS5u35fjZSvDZbWlOwHMcug==}
    cpu: [arm64]
    os: [linux]

  '@pnpm/linux-x64@11.22.0':
    resolution: {integrity: sha512-isvaPctGinbsM2hsTtRsMarN8Sr5QhXDTNmn8Xv9Lp1PjincCvH2RBbhpo+xYIOxzgls1dtQSdgoORUbfRVALQ==}
    cpu: [x64]
    os: [linux]

  '@pnpm/linuxstatic-arm64@11.22.0':
    resolution: {integrity: sha512-i4J+AQWW0T3JBdXaLsvxu8ZmMG1HLS6JZQESdOR9uBv8Zumb4yg8GYT83eWRLacr6ngVdhEBiC3W4eOG64MFbA==}
    cpu: [arm64]
    os: [linux]
    libc: [musl]

  '@pnpm/linuxstatic-x64@11.22.0':
    resolution: {integrity: sha512-QYzk8jhSuSbVthW/OxEOhU3f3zhjpw4HqgedrlwbVNb7btCWn5del2Hb5PsYYka2PbmKq5EtF5IzYN8Yp1CfxQ==}
    cpu: [x64]
    os: [linux]
    libc: [musl]

  '@pnpm/macos-arm64@11.22.0':
    resolution: {integrity: sha512-Io8Axk5kutPgMuAfOg1QGj3J0/KpLvH5iiPcmp7up8D4q7BNWT02ndQo3RyGWqrlkf5nwspM41GFpWTShrZ4Aw==}
    cpu: [arm64]
    os: [darwin]

  '@pnpm/win-arm64@11.22.0':
    resolution: {integrity: sha512-QgaRuKGQKov7xW2utPCgDT83fn/PU5cD6HFgib48oTslz7wv26E89d4jMCxL4GRmEL2YCfkYuj5ITj1oVWg5WQ==}
    cpu: [arm64]
    os: [win32]

  '@pnpm/win-x64@11.22.0':
    resolution: {integrity: sha512-iWYsiSwpgxqur+TwsnSoPdOQaEfd4ygB84mb5tJUOgim6PHr1xhKJBndaQzH+At/WkLxLdYN+K8dYc4M7naezg==}
    cpu: [x64]
    os: [win32]

  '@reflink/reflink-darwin-arm64@0.1.19':
    resolution: {integrity: sha512-ruy44Lpepdk1FqDz38vExBY/PVUsjxZA+chd9wozjUH9JjuDT/HEaQYA6wYN9mf041l0yLVar6BCZuWABJvHSA==}
    engines: {node: '>= 10'}
    cpu: [arm64]
    os: [darwin]

  '@reflink/reflink-darwin-x64@0.1.19':
    resolution: {integrity: sha512-By85MSWrMZa+c26TcnAy8SDk0sTUkYlNnwknSchkhHpGXOtjNDUOxJE9oByBnGbeuIE1PiQsxDG3Ud+IVV9yuA==}
    engines: {node: '>= 10'}
    cpu: [x64]
    os: [darwin]

  '@reflink/reflink-linux-arm64-gnu@0.1.19':
    resolution: {integrity: sha512-7P+er8+rP9iNeN+bfmccM4hTAaLP6PQJPKWSA4iSk2bNvo6KU6RyPgYeHxXmzNKzPVRcypZQTpFgstHam6maVg==}
    engines: {node: '>= 10'}
    cpu: [arm64]
    os: [linux]
    libc: [glibc]

  '@reflink/reflink-linux-arm64-musl@0.1.19':
    resolution: {integrity: sha512-37iO/Dp6m5DDaC2sf3zPtx/hl9FV3Xze4xoYidrxxS9bgP3S8ALroxRK6xBG/1TtfXKTvolvp+IjrUU6ujIGmA==}
    engines: {node: '>= 10'}
    cpu: [arm64]
    os: [linux]
    libc: [musl]

  '@reflink/reflink-linux-x64-gnu@0.1.19':
    resolution: {integrity: sha512-jbI8jvuYCaA3MVUdu8vLoLAFqC+iNMpiSuLbxlAgg7x3K5bsS8nOpTRnkLF7vISJ+rVR8W+7ThXlXlUQ93ulkw==}
    engines: {node: '>= 10'}
    cpu: [x64]
    os: [linux]
    libc: [glibc]

  '@reflink/reflink-linux-x64-musl@0.1.19':
    resolution: {integrity: sha512-e9FBWDe+lv7QKAwtKOt6A2W/fyy/aEEfr0g6j/hWzvQcrzHCsz07BNQYlNOjTfeytrtLU7k449H1PI95jA4OjQ==}
    engines: {node: '>= 10'}
    cpu: [x64]
    os: [linux]
    libc: [musl]

  '@reflink/reflink-win32-arm64-msvc@0.1.19':
    resolution: {integrity: sha512-09PxnVIQcd+UOn4WAW73WU6PXL7DwGS6wPlkMhMg2zlHHG65F3vHepOw06HFCq+N42qkaNAc8AKIabWvtk6cIQ==}
    engines: {node: '>= 10'}
    cpu: [arm64]
    os: [win32]

  '@reflink/reflink-win32-x64-msvc@0.1.19':
    resolution: {integrity: sha512-E//yT4ni2SyhwP8JRjVGWr3cbnhWDiPLgnQ66qqaanjjnMiu3O/2tjCPQXlcGc/DEYofpDc9fvhv6tALQsMV9w==}
    engines: {node: '>= 10'}
    cpu: [x64]
    os: [win32]

  '@reflink/reflink@0.1.19':
    resolution: {integrity: sha512-DmCG8GzysnCZ15bres3N5AHCmwBwYgp0As6xjhQ47rAUTUXxJiK+lLUxaGsX3hd/30qUpVElh05PbGuxRPgJwA==}
    engines: {node: '>= 10'}

  detect-libc@2.1.2:
    resolution: {integrity: sha512-Btj2BOOO83o3WyH59e8MgXsxEQVcarkUOpEYrubB0urwnN10yQ364rsiByU11nZlqWYZm05i/of7io4mzihBtQ==}
    engines: {node: '>=8'}

  pnpm@11.22.0:
    resolution: {integrity: sha512-H/hwxMYTPf2I+yr8Rt0T1H8JyXlLQ4xv20fKmMrzvBY4HuC+k6CRuOOCTPAfiJ9G19niCRD7C+GrD7W6qA3WIQ==}
    engines: {node: '>=22.13'}
    hasBin: true

snapshots:

  '@pnpm/exe@11.22.0':
    dependencies:
      '@reflink/reflink': 0.1.19
      detect-libc: 2.1.2
    optionalDependencies:
      '@pnpm/linux-arm64': 11.22.0
      '@pnpm/linux-x64': 11.22.0
      '@pnpm/linuxstatic-arm64': 11.22.0
      '@pnpm/linuxstatic-x64': 11.22.0
      '@pnpm/macos-arm64': 11.22.0
      '@pnpm/win-arm64': 11.22.0
      '@pnpm/win-x64': 11.22.0

  '@pnpm/linux-arm64@11.22.0':
    optional: true

  '@pnpm/linux-x64@11.22.0':
    optional: true

  '@pnpm/linuxstatic-arm64@11.22.0':
    optional: true

  '@pnpm/linuxstatic-x64@11.22.0':
    optional: true

  '@pnpm/macos-arm64@11.22.0':
    optional: true

  '@pnpm/win-arm64@11.22.0':
    optional: true

  '@pnpm/win-x64@11.22.0':
    optional: true

  '@reflink/reflink-darwin-arm64@0.1.19':
    optional: true

  '@reflink/reflink-darwin-x64@0.1.19':
    optional: true

  '@reflink/reflink-linux-arm64-gnu@0.1.19':
    optional: true

  '@reflink/reflink-linux-arm64-musl@0.1.19':
    optional: true

  '@reflink/reflink-linux-x64-gnu@0.1.19':
    optional: true

  '@reflink/reflink-linux-x64-musl@0.1.19':
    optional: true

  '@reflink/reflink-win32-arm64-msvc@0.1.19':
    optional: true

  '@reflink/reflink-win32-x64-msvc@0.1.19':
    optional: true

  '@reflink/reflink@0.1.19':
    optionalDependencies:
      '@reflink/reflink-darwin-arm64': 0.1.19
      '@reflink/reflink-darwin-x64': 0.1.19
      '@reflink/reflink-linux-arm64-gnu': 0.1.19
      '@reflink/reflink-linux-arm64-musl': 0.1.19
      '@reflink/reflink-linux-x64-gnu': 0.1.19
      '@reflink/reflink-linux-x64-musl': 0.1.19
      '@reflink/reflink-win32-arm64-msvc': 0.1.19
      '@reflink/reflink-win32-x64-msvc': 0.1.19

  detect-libc@2.1.2: {}

  pnpm@11.22.0: {}

---
lockfileVersion: '9.0'

settings:
  autoInstallPeers: true
  excludeLinksFromLockfile: false

importers:

  .:
    dependencies:
      '@nostr/tools':
        specifier: jsr:^2.24.2
        version: '@jsr/nostr__tools@2.24.2'

packages:

  '@jsr/nostr__tools@2.24.2':
    resolution: {integrity: sha512-oEIsZtycernGHCDFqKGjuq6OHpjOGL8zrExfS2YlsFam8b2MhjShKC8qeV+Tp18puw+FAHWcvnXYx0wtx7IHeQ==, tarball: https://npm.jsr.io/~/11/@jsr/nostr__tools/2.24.2.tgz}

  '@noble/ciphers@2.1.1':
    resolution: {integrity: sha512-bysYuiVfhxNJuldNXlFEitTVdNnYUc+XNJZd7Qm2a5j1vZHgY+fazadNFWFaMK/2vye0JVlxV3gHmC0WDfAOQw==}
    engines: {node: '>= 20.19.0'}

  '@noble/curves@2.0.1':
    resolution: {integrity: sha512-vs1Az2OOTBiP4q0pwjW5aF0xp9n4MxVrmkFBxc6EKZc6ddYx5gaZiAsZoq0uRRXWbi3AT/sBqn05eRPtn1JCPw==}
    engines: {node: '>= 20.19.0'}

  '@noble/hashes@2.0.1':
    resolution: {integrity: sha512-XlOlEbQcE9fmuXxrVTXCTlG2nlRXa9Rj3rr5Ue/+tX+nmkgbX720YHh0VR3hBF9xDvwnb8D2shVGOwNx+ulArw==}
    engines: {node: '>= 20.19.0'}

  '@scure/base@2.0.0':
    resolution: {integrity: sha512-3E1kpuZginKkek01ovG8krQ0Z44E3DHPjc5S2rjJw9lZn3KSQOs8S7wqikF/AH7iRanHypj85uGyxk0XAyC37w==}

  '@scure/bip32@2.0.1':
    resolution: {integrity: sha512-4Md1NI5BzoVP+bhyJaY3K6yMesEFzNS1sE/cP+9nuvE7p/b0kx9XbpDHHFl8dHtufcbdHRUUQdRqLIPHN/s7yA==}

  '@scure/bip39@2.0.1':
    resolution: {integrity: sha512-PsxdFj/d2AcJcZDX1FXN3dDgitDDTmwf78rKZq1a6c1P1Nan1X/Sxc7667zU3U+AN60g7SxxP0YCVw2H/hBycg==}

  nostr-wasm@0.1.0:
    resolution: {integrity: sha512-78BTryCLcLYv96ONU8Ws3Q1JzjlAt+43pWQhIl86xZmWeegYCNLPml7yQ+gG3vR6V5h4XGj+TxO+SS5dsThQIA==}

snapshots:

  '@jsr/nostr__tools@2.24.2':
    dependencies:
      '@noble/ciphers': 2.1.1
      '@noble/curves': 2.0.1
      '@noble/hashes': 2.0.1
      '@scure/base': 2.0.0
      '@scure/bip32': 2.0.1
      '@scure/bip39': 2.0.1
      nostr-wasm: 0.1.0

  '@noble/ciphers@2.1.1': {}

  '@noble/curves@2.0.1':
    dependencies:
      '@noble/hashes': 2.0.1

  '@noble/hashes@2.0.1': {}

  '@scure/base@2.0.0': {}

  '@scure/bip32@2.0.1':
    dependencies:
      '@noble/curves': 2.0.1
      '@noble/hashes': 2.0.1
      '@scure/base': 2.0.0

  '@scure/bip39@2.0.1':
    dependencies:
      '@noble/hashes': 2.0.1
      '@scure/base': 2.0.0

  nostr-wasm@0.1.0: {}
